// !$*UTF8*$!
{
	archiveVersion = 1;
	classes = {
	};
	objectVersion = 50;
	objects = {

/* Begin PBXBuildFile section */
		8BB265BD23FB47B700695D54 /* ButtonValue.swift in Sources */ = {isa = PBXBuildFile; fileRef = 8BB265BC23FB47B700695D54 /* ButtonValue.swift */; };
		8BDF976A23F4747300680246 /* AppDelegate.swift in Sources */ = {isa = PBXBuildFile; fileRef = 8BDF976923F4747300680246 /* AppDelegate.swift */; };
		8BDF976C23F4747300680246 /* SceneDelegate.swift in Sources */ = {isa = PBXBuildFile; fileRef = 8BDF976B23F4747300680246 /* SceneDelegate.swift */; };
		8BDF976E23F4747300680246 /* ViewController.swift in Sources */ = {isa = PBXBuildFile; fileRef = 8BDF976D23F4747300680246 /* ViewController.swift */; };
		8BDF977123F4747300680246 /* Main.storyboard in Resources */ = {isa = PBXBuildFile; fileRef = 8BDF976F23F4747300680246 /* Main.storyboard */; };
		8BDF977323F4747500680246 /* Assets.xcassets in Resources */ = {isa = PBXBuildFile; fileRef = 8BDF977223F4747500680246 /* Assets.xcassets */; };
		8BDF977623F4747500680246 /* LaunchScreen.storyboard in Resources */ = {isa = PBXBuildFile; fileRef = 8BDF977423F4747500680246 /* LaunchScreen.storyboard */; };
		8BDF977E23F4760400680246 /* ViewControllerMenu.swift in Sources */ = {isa = PBXBuildFile; fileRef = 8BDF977D23F4760400680246 /* ViewControllerMenu.swift */; };
/* End PBXBuildFile section */

/* Begin PBXFileReference section */
		8BB265BC23FB47B700695D54 /* ButtonValue.swift */ = {isa = PBXFileReference; lastKnownFileType = sourcecode.swift; path = ButtonValue.swift; sourceTree = "<group>"; };
		8BDF976623F4747300680246 /* ButtonGuessingGame.app */ = {isa = PBXFileReference; explicitFileType = wrapper.application; includeInIndex = 0; path = ButtonGuessingGame.app; sourceTree = BUILT_PRODUCTS_DIR; };
		8BDF976923F4747300680246 /* AppDelegate.swift */ = {isa = PBXFileReference; lastKnownFileType = sourcecode.swift; path = AppDelegate.swift; sourceTree = "<group>"; };
		8BDF976B23F4747300680246 /* SceneDelegate.swift */ = {isa = PBXFileReference; lastKnownFileType = sourcecode.swift; path = SceneDelegate.swift; sourceTree = "<group>"; };
		8BDF976D23F4747300680246 /* ViewController.swift */ = {isa = PBXFileReference; lastKnownFileType = sourcecode.swift; path = ViewController.swift; sourceTree = "<group>"; };
		8BDF977023F4747300680246 /* Base */ = {isa = PBXFileReference; lastKnownFileType = file.storyboard; name = Base; path = Base.lproj/Main.storyboard; sourceTree = "<group>"; };
		8BDF977223F4747500680246 /* Assets.xcassets */ = {isa = PBXFileReference; lastKnownFileType = folder.assetcatalog; path = Assets.xcassets; sourceTree = "<group>"; };
		8BDF977523F4747500680246 /* Base */ = {isa = PBXFileReference; lastKnownFileType = file.storyboard; name = Base; path = Base.lproj/LaunchScreen.storyboard; sourceTree = "<group>"; };
		8BDF977723F4747500680246 /* Info.plist */ = {isa = PBXFileReference; lastKnownFileType = text.plist.xml; path = Info.plist; sourceTree = "<group>"; };
		8BDF977D23F4760400680246 /* ViewControllerMenu.swift */ = {isa = PBXFileReference; lastKnownFileType = sourcecode.swift; path = ViewControllerMenu.swift; sourceTree = "<group>"; };
/* End PBXFileReference section */

/* Begin PBXFrameworksBuildPhase section */
		8BDF976323F4747300680246 /* Frameworks */ = {
			isa = PBXFrameworksBuildPhase;
			buildActionMask = 2147483647;
			files = (
			);
			runOnlyForDeploymentPostprocessing = 0;
		};
/* End PBXFrameworksBuildPhase section */

/* Begin PBXGroup section */
		8BDF975D23F4747300680246 = {
			isa = PBXGroup;
			children = (
				8BDF976823F4747300680246 /* ButtonGuessingGame */,
				8BDF976723F4747300680246 /* Products */,
			);
			sourceTree = "<group>";
		};
		8BDF976723F4747300680246 /* Products */ = {
			isa = PBXGroup;
			children = (
				8BDF976623F4747300680246 /* ButtonGuessingGame.app */,
			);
			name = Products;
			sourceTree = "<group>";
		};
		8BDF976823F4747300680246 /* ButtonGuessingGame */ = {
			isa = PBXGroup;
			children = (
				8BDF976923F4747300680246 /* AppDelegate.swift */,
				8BDF976B23F4747300680246 /* SceneDelegate.swift */,
				8BDF976D23F4747300680246 /* ViewController.swift */,
				8BDF977D23F4760400680246 /* ViewControllerMenu.swift */,
				8BB265BC23FB47B700695D54 /* ButtonValue.swift */,
				8BDF976F23F4747300680246 /* Main.storyboard */,
				8BDF977223F4747500680246 /* Assets.xcassets */,
				8BDF977423F4747500680246 /* LaunchScreen.storyboard */,
				8BDF977723F4747500680246 /* Info.plist */,
			);
			path = ButtonGuessingGame;
			sourceTree = "<group>";
		};
/* End PBXGroup section */

/* Begin PBXNativeTarget section */
		8BDF976523F4747300680246 /* ButtonGuessingGame */ = {
			isa = PBXNativeTarget;
			buildConfigurationList = 8BDF977A23F4747500680246 /* Build configuration list for PBXNativeTarget "ButtonGuessingGame" */;
			buildPhases = (
				8BDF976223F4747300680246 /* Sources */,
				8BDF976323F4747300680246 /* Frameworks */,
				8BDF976423F4747300680246 /* Resources */,
			);
			buildRules = (
			);
			dependencies = (
			);
			name = ButtonGuessingGame;
			productName = ButtonGuessingGame;
			productReference = 8BDF976623F4747300680246 /* ButtonGuessingGame.app */;
			productType = "com.apple.product-type.application";
		};
/* End PBXNativeTarget section */

/* Begin PBXProject section */
		8BDF975E23F4747300680246 /* Project object */ = {
			isa = PBXProject;
			attributes = {
				LastSwiftUpdateCheck = 1120;
				LastUpgradeCheck = 1120;
				ORGANIZATIONNAME = "Kobie Nikka";
				TargetAttributes = {
					8BDF976523F4747300680246 = {
						CreatedOnToolsVersion = 11.2.1;
					};
				};
			};
			buildConfigurationList = 8BDF976123F4747300680246 /* Build configuration list for PBXProject "ButtonGuessingGame" */;
			compatibilityVersion = "Xcode 9.3";
			developmentRegion = en;
			hasScannedForEncodings = 0;
			knownRegions = (
				en,
				Base,
			);
			mainGroup = 8BDF975D23F4747300680246;
			productRefGroup = 8BDF976723F4747300680246 /* Products */;
			projectDirPath = "";
			projectRoot = "";
			targets = (
				8BDF976523F4747300680246 /* ButtonGuessingGame */,
			);
		};
/* End PBXProject section */

/* Begin PBXResourcesBuildPhase section */
		8BDF976423F4747300680246 /* Resources */ = {
			isa = PBXResourcesBuildPhase;
			buildActionMask = 2147483647;
			files = (
				8BDF977623F4747500680246 /* LaunchScreen.storyboard in Resources */,
				8BDF977323F4747500680246 /* Assets.xcassets in Resources */,
				8BDF977123F4747300680246 /* Main.storyboard in Resources */,
			);
			runOnlyForDeploymentPostprocessing = 0;
		};
/* End PBXResourcesBuildPhase section */

/* Begin PBXSourcesBuildPhase section */
		8BDF976223F4747300680246 /* Sources */ = {
			isa = PBXSourcesBuildPhase;
			buildActionMask = 2147483647;
			files = (
				8BDF976E23F4747300680246 /* ViewController.swift in Sources */,
				8BDF976A23F4747300680246 /* AppDelegate.swift in Sources */,
				8BDF976C23F4747300680246 /* SceneDelegate.swift in Sources */,
				8BDF977E23F4760400680246 /* ViewControllerMenu.swift in Sources */,
				8BB265BD23FB47B700695D54 /* ButtonValue.swift in Sources */,
			);
			runOnlyForDeploymentPostprocessing = 0;
		};
/* End PBXSourcesBuildPhase section */

/* Begin PBXVariantGroup section */
		8BDF976F23F4747300680246 /* Main.storyboard */ = {
			isa = PBXVariantGroup;
			children = (
				8BDF977023F4747300680246 /* Base */,
			);
			name = Main.storyboard;
			sourceTree = "<group>";
		};
		8BDF977423F4747500680246 /* LaunchScreen.storyboard */ = {
			isa = PBXVariantGroup;
			children = (
				8BDF977523F4747500680246 /* Base */,
			);
			name = LaunchScreen.storyboard;
			sourceTree = "<group>";
		};
/* End PBXVariantGroup section */

/* Begin XCBuildConfiguration section */
		8BDF977823F4747500680246 /* Debug */ = {
			isa = XCBuildConfiguration;
			buildSettings = {
				ALWAYS_SEARCH_USER_PATHS = NO;
				CLANG_ANALYZER_NONNULL = YES;
				CLANG_ANALYZER_NUMBER_OBJECT_CONVERSION = YES_AGGRESSIVE;
				CLANG_CXX_LANGUAGE_STANDARD = "gnu++14";
				CLANG_CXX_LIBRARY = "libc++";
				CLANG_ENABLE_MODULES = YES;
				CLANG_ENABLE_OBJC_ARC = YES;
				CLANG_ENABLE_OBJC_WEAK = YES;
				CLANG_WARN_BLOCK_CAPTURE_AUTORELEASING = YES;
				CLANG_WARN_BOOL_CONVERSION = YES;
				CLANG_WARN_COMMA = YES;
				CLANG_WARN_CONSTANT_CONVERSION = YES;
				CLANG_WARN_DEPRECATED_OBJC_IMPLEMENTATIONS = YES;
				CLANG_WARN_DIRECT_OBJC_ISA_USAGE = YES_ERROR;
				CLANG_WARN_DOCUMENTATION_COMMENTS = YES;
				CLANG_WARN_EMPTY_BODY = YES;
				CLANG_WARN_ENUM_CONVERSION = YES;
				CLANG_WARN_INFINITE_RECURSION = YES;
				CLANG_WARN_INT_CONVERSION = YES;
				CLANG_WARN_NON_LITERAL_NULL_CONVERSION = YES;
				CLANG_WARN_OBJC_IMPLICIT_RETAIN_SELF = YES;
				CLANG_WARN_OBJC_LITERAL_CONVERSION = YES;
				CLANG_WARN_OBJC_ROOT_CLASS = YES_ERROR;
				CLANG_WARN_RANGE_LOOP_ANALYSIS = YES;
				CLANG_WARN_STRICT_PROTOTYPES = YES;
				CLANG_WARN_SUSPICIOUS_MOVE = YES;
				CLANG_WARN_UNGUARDED_AVAILABILITY = YES_AGGRESSIVE;
				CLANG_WARN_UNREACHABLE_CODE = YES;
				CLANG_WARN__DUPLICATE_METHOD_MATCH = YES;
				COPY_PHASE_STRIP = NO;
				DEBUG_INFORMATION_FORMAT = dwarf;
				ENABLE_STRICT_OBJC_MSGSEND = YES;
				ENABLE_TESTABILITY = YES;
				GCC_C_LANGUAGE_STANDARD = gnu11;
				GCC_DYNAMIC_NO_PIC = NO;
				GCC_NO_COMMON_BLOCKS = YES;
				GCC_OPTIMIZATION_LEVEL = 0;
				GCC_PREPROCESSOR_DEFINITIONS = (
					"DEBUG=1",
					"$(inherited)",
				);
				GCC_WARN_64_TO_32_BIT_CONVERSION = YES;
				GCC_WARN_ABOUT_RETURN_TYPE = YES_ERROR;
				GCC_WARN_UNDECLARED_SELECTOR = YES;
				GCC_WARN_UNINITIALIZED_AUTOS = YES_AGGRESSIVE;
				GCC_WARN_UNUSED_FUNCTION = YES;
				GCC_WARN_UNUSED_VARIABLE = YES;
				IPHONEOS_DEPLOYMENT_TARGET = 13.2;
				MTL_ENABLE_DEBUG_INFO = INCLUDE_SOURCE;
				MTL_FAST_MATH = YES;
				ONLY_ACTIVE_ARCH = YES;
				SDKROOT = iphoneos;
				SWIFT_ACTIVE_COMPILATION_CONDITIONS = DEBUG;
				SWIFT_OPTIMIZATION_LEVEL = "-Onone";
			};
			name = Debug;
		};
		8BDF977923F4747500680246 /* Release */ = {
			isa = XCBuildConfiguration;
			buildSettings = {
				ALWAYS_SEARCH_USER_PATHS = NO;
				CLANG_ANALYZER_NONNULL = YES;
				CLANG_ANALYZER_NUMBER_OBJECT_CONVERSION = YES_AGGRESSIVE;
				CLANG_CXX_LANGUAGE_STANDARD = "gnu++14";
				CLANG_CXX_LIBRARY = "libc++";
				CLANG_ENABLE_MODULES = YES;
				CLANG_ENABLE_OBJC_ARC = YES;
				CLANG_ENABLE_OBJC_WEAK = YES;
				CLANG_WARN_BLOCK_CAPTURE_AUTORELEASING = YES;
				CLANG_WARN_BOOL_CONVERSION = YES;
				CLANG_WARN_COMMA = YES;
				CLANG_WARN_CONSTANT_CONVERSION = YES;
				CLANG_WARN_DEPRECATED_OBJC_IMPLEMENTATIONS = YES;
				CLANG_WARN_DIRECT_OBJC_ISA_USAGE = YES_ERROR;
				CLANG_WARN_DOCUMENTATION_COMMENTS = YES;
				CLANG_WARN_EMPTY_BODY = YES;
				CLANG_WARN_ENUM_CONVERSION = YES;
				CLANG_WARN_INFINITE_RECURSION = YES;
				CLANG_WARN_INT_CONVERSION = YES;
				CLANG_WARN_NON_LITERAL_NULL_CONVERSION = YES;
				CLANG_WARN_OBJC_IMPLICIT_RETAIN_SELF = YES;
				CLANG_WARN_OBJC_LITERAL_CONVERSION = YES;
				CLANG_WARN_OBJC_ROOT_CLASS = YES_ERROR;
				CLANG_WARN_RANGE_LOOP_ANALYSIS = YES;
				CLANG_WARN_STRICT_PROTOTYPES = YES;
				CLANG_WARN_SUSPICIOUS_MOVE = YES;
				CLANG_WARN_UNGUARDED_AVAILABILITY = YES_AGGRESSIVE;
				CLANG_WARN_UNREACHABLE_CODE = YES;
				CLANG_WARN__DUPLICATE_METHOD_MATCH = YES;
				COPY_PHASE_STRIP = NO;
				DEBUG_INFORMATION_FORMAT = "dwarf-with-dsym";
				ENABLE_NS_ASSERTIONS = NO;
				ENABLE_STRICT_OBJC_MSGSEND = YES;
				GCC_C_LANGUAGE_STANDARD = gnu11;
				GCC_NO_COMMON_BLOCKS = YES;
				GCC_WARN_64_TO_32_BIT_CONVERSION = YES;
				GCC_WARN_ABOUT_RETURN_TYPE = YES_ERROR;
				GCC_WARN_UNDECLARED_SELECTOR = YES;
				GCC_WARN_UNINITIALIZED_AUTOS = YES_AGGRESSIVE;
				GCC_WARN_UNUSED_FUNCTION = YES;
				GCC_WARN_UNUSED_VARIABLE = YES;
				IPHONEOS_DEPLOYMENT_TARGET = 13.2;
				MTL_ENABLE_DEBUG_INFO = NO;
				MTL_FAST_MATH = YES;
				SDKROOT = iphoneos;
				SWIFT_COMPILATION_MODE = wholemodule;
				SWIFT_OPTIMIZATION_LEVEL = "-O";
				VALIDATE_PRODUCT = YES;
			};
			name = Release;
		};
		8BDF977B23F4747500680246 /* Debug */ = {
			isa = XCBuildConfiguration;
			buildSettings = {
				ASSETCATALOG_COMPILER_APPICON_NAME = AppIcon;
				CODE_SIGN_STYLE = Automatic;
				INFOPLIST_FILE = ButtonGuessingGame/Info.plist;
				LD_RUNPATH_SEARCH_PATHS = (
					"$(inherited)",
					"@executable_path/Frameworks",
				);
				PRODUCT_BUNDLE_IDENTIFIER = com.kobienikka.ButtonGuessingGame;
				PRODUCT_NAME = "$(TARGET_NAME)";
				SWIFT_VERSION = 5.0;
				TARGETED_DEVICE_FAMILY = "1,2";
			};
			name = Debug;
		};
		8BDF977C23F4747500680246 /* Release */ = {
			isa = XCBuildConfiguration;
			buildSettings = {
				ASSETCATALOG_COMPILER_APPICON_NAME = AppIcon;
				CODE_SIGN_STYLE = Automatic;
				INFOPLIST_FILE = ButtonGuessingGame/Info.plist;
				LD_RUNPATH_SEARCH_PATHS = (
					"$(inherited)",
					"@executable_path/Frameworks",
				);
				PRODUCT_BUNDLE_IDENTIFIER = com.kobienikka.ButtonGuessingGame;
				PRODUCT_NAME = "$(TARGET_NAME)";
				SWIFT_VERSION = 5.0;
				TARGETED_DEVICE_FAMILY = "1,2";
			};
			name = Release;
		};
/* End XCBuildConfiguration section */

/* Begin XCConfigurationList section */
		8BDF976123F4747300680246 /* Build configuration list for PBXProject "ButtonGuessingGame" */ = {
			isa = XCConfigurationList;
			buildConfigurations = (
				8BDF977823F4747500680246 /* Debug */,
				8BDF977923F4747500680246 /* Release */,
			);
			defaultConfigurationIsVisible = 0;
			defaultConfigurationName = Release;
		};
		8BDF977A23F4747500680246 /* Build configuration list for PBXNativeTarget "ButtonGuessingGame" */ = {
			isa = XCConfigurationList;
			buildConfigurations = (
				8BDF977B23F4747500680246 /* Debug */,
				8BDF977C23F4747500680246 /* Release */,
			);
			defaultConfigurationIsVisible = 0;
			defaultConfigurationName = Release;
		};
/* End XCConfigurationList section */
	};
	rootObject = 8BDF975E23F4747300680246 /* Project object */;
}
